// !$*UTF8*$!
{
	archiveVersion = 1;
	classes = {
	};
	objectVersion = 46;
	objects = {

/* Begin PBXBuildFile section */
		6B70BF471C593168007E6843 /* AppDelegate.swift in Sources */ = {isa = PBXBuildFile; fileRef = 6B70BF461C593168007E6843 /* AppDelegate.swift */; };
		6B70BF491C593168007E6843 /* ViewController.swift in Sources */ = {isa = PBXBuildFile; fileRef = 6B70BF481C593168007E6843 /* ViewController.swift */; };
		6B70BF4C1C593168007E6843 /* Main.storyboard in Resources */ = {isa = PBXBuildFile; fileRef = 6B70BF4A1C593168007E6843 /* Main.storyboard */; };
		6B70BF4E1C593168007E6843 /* Assets.xcassets in Resources */ = {isa = PBXBuildFile; fileRef = 6B70BF4D1C593168007E6843 /* Assets.xcassets */; };
		6B70BF511C593168007E6843 /* LaunchScreen.storyboard in Resources */ = {isa = PBXBuildFile; fileRef = 6B70BF4F1C593168007E6843 /* LaunchScreen.storyboard */; };
		6B70BF5C1C593168007E6843 /* HelloWorldTests.swift in Sources */ = {isa = PBXBuildFile; fileRef = 6B70BF5B1C593168007E6843 /* HelloWorldTests.swift */; };
		6B70BF671C593168007E6843 /* HelloWorldUITests.swift in Sources */ = {isa = PBXBuildFile; fileRef = 6B70BF661C593168007E6843 /* HelloWorldUITests.swift */; };
/* End PBXBuildFile section */

/* Begin PBXContainerItemProxy section */
		6B70BF581C593168007E6843 /* PBXContainerItemProxy */ = {
			isa = PBXContainerItemProxy;
			containerPortal = 6B70BF3B1C593167007E6843 /* Project object */;
			proxyType = 1;
			remoteGlobalIDString = 6B70BF421C593168007E6843;
			remoteInfo = HelloWorld;
		};
		6B70BF631C593168007E6843 /* PBXContainerItemProxy */ = {
			isa = PBXContainerItemProxy;
			containerPortal = 6B70BF3B1C593167007E6843 /* Project object */;
			proxyType = 1;
			remoteGlobalIDString = 6B70BF421C593168007E6843;
			remoteInfo = HelloWorld;
		};
/* End PBXContainerItemProxy section */

/* Begin PBXFileReference section */
		6B70BF431C593168007E6843 /* HelloWorld.app */ = {isa = PBXFileReference; explicitFileType = wrapper.application; includeInIndex = 0; path = HelloWorld.app; sourceTree = BUILT_PRODUCTS_DIR; };
		6B70BF461C593168007E6843 /* AppDelegate.swift */ = {isa = PBXFileReference; lastKnownFileType = sourcecode.swift; path = AppDelegate.swift; sourceTree = "<group>"; };
		6B70BF481C593168007E6843 /* ViewController.swift */ = {isa = PBXFileReference; lastKnownFileType = sourcecode.swift; path = ViewController.swift; sourceTree = "<group>"; };
		6B70BF4B1C593168007E6843 /* Base */ = {isa = PBXFileReference; lastKnownFileType = file.storyboard; name = Base; path = Base.lproj/Main.storyboard; sourceTree = "<group>"; };
		6B70BF4D1C593168007E6843 /* Assets.xcassets */ = {isa = PBXFileReference; lastKnownFileType = folder.assetcatalog; path = Assets.xcassets; sourceTree = "<group>"; };
		6B70BF501C593168007E6843 /* Base */ = {isa = PBXFileReference; lastKnownFileType = file.storyboard; name = Base; path = Base.lproj/LaunchScreen.storyboard; sourceTree = "<group>"; };
		6B70BF521C593168007E6843 /* Info.plist */ = {isa = PBXFileReference; lastKnownFileType = text.plist.xml; path = Info.plist; sourceTree = "<group>"; };
		6B70BF571C593168007E6843 /* HelloWorldTests.xctest */ = {isa = PBXFileReference; explicitFileType = wrapper.cfbundle; includeInIndex = 0; path = HelloWorldTests.xctest; sourceTree = BUILT_PRODUCTS_DIR; };
		6B70BF5B1C593168007E6843 /* HelloWorldTests.swift */ = {isa = PBXFileReference; lastKnownFileType = sourcecode.swift; path = HelloWorldTests.swift; sourceTree = "<group>"; };
		6B70BF5D1C593168007E6843 /* Info.plist */ = {isa = PBXFileReference; lastKnownFileType = text.plist.xml; path = Info.plist; sourceTree = "<group>"; };
		6B70BF621C593168007E6843 /* HelloWorldUITests.xctest */ = {isa = PBXFileReference; explicitFileType = wrapper.cfbundle; includeInIndex = 0; path = HelloWorldUITests.xctest; sourceTree = BUILT_PRODUCTS_DIR; };
		6B70BF661C593168007E6843 /* HelloWorldUITests.swift */ = {isa = PBXFileReference; lastKnownFileType = sourcecode.swift; path = HelloWorldUITests.swift; sourceTree = "<group>"; };
		6B70BF681C593168007E6843 /* Info.plist */ = {isa = PBXFileReference; lastKnownFileType = text.plist.xml; path = Info.plist; sourceTree = "<group>"; };
/* End PBXFileReference section */

/* Begin PBXFrameworksBuildPhase section */
		6B70BF401C593168007E6843 /* Frameworks */ = {
			isa = PBXFrameworksBuildPhase;
			buildActionMask = 2147483647;
			files = (
			);
			runOnlyForDeploymentPostprocessing = 0;
		};
		6B70BF541C593168007E6843 /* Frameworks */ = {
			isa = PBXFrameworksBuildPhase;
			buildActionMask = 2147483647;
			files = (
			);
			runOnlyForDeploymentPostprocessing = 0;
		};
		6B70BF5F1C593168007E6843 /* Frameworks */ = {
			isa = PBXFrameworksBuildPhase;
			buildActionMask = 2147483647;
			files = (
			);
			runOnlyForDeploymentPostprocessing = 0;
		};
/* End PBXFrameworksBuildPhase section */

/* Begin PBXGroup section */
		6B70BF3A1C593167007E6843 = {
			isa = PBXGroup;
			children = (
				6B70BF451C593168007E6843 /* HelloWorld */,
				6B70BF5A1C593168007E6843 /* HelloWorldTests */,
				6B70BF651C593168007E6843 /* HelloWorldUITests */,
				6B70BF441C593168007E6843 /* Products */,
			);
			sourceTree = "<group>";
		};
		6B70BF441C593168007E6843 /* Products */ = {
			isa = PBXGroup;
			children = (
				6B70BF431C593168007E6843 /* HelloWorld.app */,
				6B70BF571C593168007E6843 /* HelloWorldTests.xctest */,
				6B70BF621C593168007E6843 /* HelloWorldUITests.xctest */,
			);
			name = Products;
			sourceTree = "<group>";
		};
		6B70BF451C593168007E6843 /* HelloWorld */ = {
			isa = PBXGroup;
			children = (
				6B70BF461C593168007E6843 /* AppDelegate.swift */,
				6B70BF481C593168007E6843 /* ViewController.swift */,
				6B70BF4A1C593168007E6843 /* Main.storyboard */,
				6B70BF4D1C593168007E6843 /* Assets.xcassets */,
				6B70BF4F1C593168007E6843 /* LaunchScreen.storyboard */,
				6B70BF521C593168007E6843 /* Info.plist */,
			);
			path = HelloWorld;
			sourceTree = "<group>";
		};
		6B70BF5A1C593168007E6843 /* HelloWorldTests */ = {
			isa = PBXGroup;
			children = (
				6B70BF5B1C593168007E6843 /* HelloWorldTests.swift */,
				6B70BF5D1C593168007E6843 /* Info.plist */,
			);
			path = HelloWorldTests;
			sourceTree = "<group>";
		};
		6B70BF651C593168007E6843 /* HelloWorldUITests */ = {
			isa = PBXGroup;
			children = (
				6B70BF661C593168007E6843 /* HelloWorldUITests.swift */,
				6B70BF681C593168007E6843 /* Info.plist */,
			);
			path = HelloWorldUITests;
			sourceTree = "<group>";
		};
/* End PBXGroup section */

/* Begin PBXNativeTarget section */
		6B70BF421C593168007E6843 /* HelloWorld */ = {
			isa = PBXNativeTarget;
			buildConfigurationList = 6B70BF6B1C593168007E6843 /* Build configuration list for PBXNativeTarget "HelloWorld" */;
			buildPhases = (
				6B70BF3F1C593168007E6843 /* Sources */,
				6B70BF401C593168007E6843 /* Frameworks */,
				6B70BF411C593168007E6843 /* Resources */,
			);
			buildRules = (
			);
			dependencies = (
			);
			name = HelloWorld;
			productName = HelloWorld;
			productReference = 6B70BF431C593168007E6843 /* HelloWorld.app */;
			productType = "com.apple.product-type.application";
		};
		6B70BF561C593168007E6843 /* HelloWorldTests */ = {
			isa = PBXNativeTarget;
			buildConfigurationList = 6B70BF6E1C593168007E6843 /* Build configuration list for PBXNativeTarget "HelloWorldTests" */;
			buildPhases = (
				6B70BF531C593168007E6843 /* Sources */,
				6B70BF541C593168007E6843 /* Frameworks */,
				6B70BF551C593168007E6843 /* Resources */,
			);
			buildRules = (
			);
			dependencies = (
				6B70BF591C593168007E6843 /* PBXTargetDependency */,
			);
			name = HelloWorldTests;
			productName = HelloWorldTests;
			productReference = 6B70BF571C593168007E6843 /* HelloWorldTests.xctest */;
			productType = "com.apple.product-type.bundle.unit-test";
		};
		6B70BF611C593168007E6843 /* HelloWorldUITests */ = {
			isa = PBXNativeTarget;
			buildConfigurationList = 6B70BF711C593168007E6843 /* Build configuration list for PBXNativeTarget "HelloWorldUITests" */;
			buildPhases = (
				6B70BF5E1C593168007E6843 /* Sources */,
				6B70BF5F1C593168007E6843 /* Frameworks */,
				6B70BF601C593168007E6843 /* Resources */,
			);
			buildRules = (
			);
			dependencies = (
				6B70BF641C593168007E6843 /* PBXTargetDependency */,
			);
			name = HelloWorldUITests;
			productName = HelloWorldUITests;
			productReference = 6B70BF621C593168007E6843 /* HelloWorldUITests.xctest */;
			productType = "com.apple.product-type.bundle.ui-testing";
		};
/* End PBXNativeTarget section */

/* Begin PBXProject section */
		6B70BF3B1C593167007E6843 /* Project object */ = {
			isa = PBXProject;
			attributes = {
				LastSwiftUpdateCheck = 0720;
				LastUpgradeCheck = 0720;
				ORGANIZATIONNAME = "Luca Hernández Acosta";
				TargetAttributes = {
					6B70BF421C593168007E6843 = {
						CreatedOnToolsVersion = 7.2;
						DevelopmentTeam = ERQ4HB3DRY;
					};
					6B70BF561C593168007E6843 = {
						CreatedOnToolsVersion = 7.2;
						DevelopmentTeam = ERQ4HB3DRY;
						TestTargetID = 6B70BF421C593168007E6843;
					};
					6B70BF611C593168007E6843 = {
						CreatedOnToolsVersion = 7.2;
						DevelopmentTeam = ERQ4HB3DRY;
						TestTargetID = 6B70BF421C593168007E6843;
					};
				};
			};
			buildConfigurationList = 6B70BF3E1C593167007E6843 /* Build configuration list for PBXProject "HelloWorld" */;
			compatibilityVersion = "Xcode 3.2";
			developmentRegion = English;
			hasScannedForEncodings = 0;
			knownRegions = (
				en,
				Base,
			);
			mainGroup = 6B70BF3A1C593167007E6843;
			productRefGroup = 6B70BF441C593168007E6843 /* Products */;
			projectDirPath = "";
			projectRoot = "";
			targets = (
				6B70BF421C593168007E6843 /* HelloWorld */,
				6B70BF561C593168007E6843 /* HelloWorldTests */,
				6B70BF611C593168007E6843 /* HelloWorldUITests */,
			);
		};
/* End PBXProject section */

/* Begin PBXResourcesBuildPhase section */
		6B70BF411C593168007E6843 /* Resources */ = {
			isa = PBXResourcesBuildPhase;
			buildActionMask = 2147483647;
			files = (
				6B70BF511C593168007E6843 /* LaunchScreen.storyboard in Resources */,
				6B70BF4E1C593168007E6843 /* Assets.xcassets in Resources */,
				6B70BF4C1C593168007E6843 /* Main.storyboard in Resources */,
			);
			runOnlyForDeploymentPostprocessing = 0;
		};
		6B70BF551C593168007E6843 /* Resources */ = {
			isa = PBXResourcesBuildPhase;
			buildActionMask = 2147483647;
			files = (
			);
			runOnlyForDeploymentPostprocessing = 0;
		};
		6B70BF601C593168007E6843 /* Resources */ = {
			isa = PBXResourcesBuildPhase;
			buildActionMask = 2147483647;
			files = (
			);
			runOnlyForDeploymentPostprocessing = 0;
		};
/* End PBXResourcesBuildPhase section */

/* Begin PBXSourcesBuildPhase section */
		6B70BF3F1C593168007E6843 /* Sources */ = {
			isa = PBXSourcesBuildPhase;
			buildActionMask = 2147483647;
			files = (
				6B70BF491C593168007E6843 /* ViewController.swift in Sources */,
				6B70BF471C593168007E6843 /* AppDelegate.swift in Sources */,
			);
			runOnlyForDeploymentPostprocessing = 0;
		};
		6B70BF531C593168007E6843 /* Sources */ = {
			isa = PBXSourcesBuildPhase;
			buildActionMask = 2147483647;
			files = (
				6B70BF5C1C593168007E6843 /* HelloWorldTests.swift in Sources */,
			);
			runOnlyForDeploymentPostprocessing = 0;
		};
		6B70BF5E1C593168007E6843 /* Sources */ = {
			isa = PBXSourcesBuildPhase;
			buildActionMask = 2147483647;
			files = (
				6B70BF671C593168007E6843 /* HelloWorldUITests.swift in Sources */,
			);
			runOnlyForDeploymentPostprocessing = 0;
		};
/* End PBXSourcesBuildPhase section */

/* Begin PBXTargetDependency section */
		6B70BF591C593168007E6843 /* PBXTargetDependency */ = {
			isa = PBXTargetDependency;
			target = 6B70BF421C593168007E6843 /* HelloWorld */;
			targetProxy = 6B70BF581C593168007E6843 /* PBXContainerItemProxy */;
		};
		6B70BF641C593168007E6843 /* PBXTargetDependency */ = {
			isa = PBXTargetDependency;
			target = 6B70BF421C593168007E6843 /* HelloWorld */;
			targetProxy = 6B70BF631C593168007E6843 /* PBXContainerItemProxy */;
		};
/* End PBXTargetDependency section */

/* Begin PBXVariantGroup section */
		6B70BF4A1C593168007E6843 /* Main.storyboard */ = {
			isa = PBXVariantGroup;
			children = (
				6B70BF4B1C593168007E6843 /* Base */,
			);
			name = Main.storyboard;
			sourceTree = "<group>";
		};
		6B70BF4F1C593168007E6843 /* LaunchScreen.storyboard */ = {
			isa = PBXVariantGroup;
			children = (
				6B70BF501C593168007E6843 /* Base */,
			);
			name = LaunchScreen.storyboard;
			sourceTree = "<group>";
		};
/* End PBXVariantGroup section */

/* Begin XCBuildConfiguration section */
		6B70BF691C593168007E6843 /* Debug */ = {
			isa = XCBuildConfiguration;
			buildSettings = {
				ALWAYS_SEARCH_USER_PATHS = NO;
				CLANG_CXX_LANGUAGE_STANDARD = "gnu++0x";
				CLANG_CXX_LIBRARY = "libc++";
				CLANG_ENABLE_MODULES = YES;
				CLANG_ENABLE_OBJC_ARC = YES;
				CLANG_WARN_BOOL_CONVERSION = YES;
				CLANG_WARN_CONSTANT_CONVERSION = YES;
				CLANG_WARN_DIRECT_OBJC_ISA_USAGE = YES_ERROR;
				CLANG_WARN_EMPTY_BODY = YES;
				CLANG_WARN_ENUM_CONVERSION = YES;
				CLANG_WARN_INT_CONVERSION = YES;
				CLANG_WARN_OBJC_ROOT_CLASS = YES_ERROR;
				CLANG_WARN_UNREACHABLE_CODE = YES;
				CLANG_WARN__DUPLICATE_METHOD_MATCH = YES;
				"CODE_SIGN_IDENTITY[sdk=iphoneos*]" = "iPhone Developer";
				COPY_PHASE_STRIP = NO;
				DEBUG_INFORMATION_FORMAT = dwarf;
				ENABLE_STRICT_OBJC_MSGSEND = YES;
				ENABLE_TESTABILITY = YES;
				GCC_C_LANGUAGE_STANDARD = gnu99;
				GCC_DYNAMIC_NO_PIC = NO;
				GCC_NO_COMMON_BLOCKS = YES;
				GCC_OPTIMIZATION_LEVEL = 0;
				GCC_PREPROCESSOR_DEFINITIONS = (
					"DEBUG=1",
					"$(inherited)",
				);
				GCC_WARN_64_TO_32_BIT_CONVERSION = YES;
				GCC_WARN_ABOUT_RETURN_TYPE = YES_ERROR;
				GCC_WARN_UNDECLARED_SELECTOR = YES;
				GCC_WARN_UNINITIALIZED_AUTOS = YES_AGGRESSIVE;
				GCC_WARN_UNUSED_FUNCTION = YES;
				GCC_WARN_UNUSED_VARIABLE = YES;
				IPHONEOS_DEPLOYMENT_TARGET = 9.2;
				MTL_ENABLE_DEBUG_INFO = YES;
				ONLY_ACTIVE_ARCH = YES;
				SDKROOT = iphoneos;
				SWIFT_OPTIMIZATION_LEVEL = "-Onone";
				TARGETED_DEVICE_FAMILY = "1,2";
			};
			name = Debug;
		};
		6B70BF6A1C593168007E6843 /* Release */ = {
			isa = XCBuildConfiguration;
			buildSettings = {
				ALWAYS_SEARCH_USER_PATHS = NO;
				CLANG_CXX_LANGUAGE_STANDARD = "gnu++0x";
				CLANG_CXX_LIBRARY = "libc++";
				CLANG_ENABLE_MODULES = YES;
				CLANG_ENABLE_OBJC_ARC = YES;
				CLANG_WARN_BOOL_CONVERSION = YES;
				CLANG_WARN_CONSTANT_CONVERSION = YES;
				CLANG_WARN_DIRECT_OBJC_ISA_USAGE = YES_ERROR;
				CLANG_WARN_EMPTY_BODY = YES;
				CLANG_WARN_ENUM_CONVERSION = YES;
				CLANG_WARN_INT_CONVERSION = YES;
				CLANG_WARN_OBJC_ROOT_CLASS = YES_ERROR;
				CLANG_WARN_UNREACHABLE_CODE = YES;
				CLANG_WARN__DUPLICATE_METHOD_MATCH = YES;
				"CODE_SIGN_IDENTITY[sdk=iphoneos*]" = "iPhone Developer";
				COPY_PHASE_STRIP = NO;
				DEBUG_INFORMATION_FORMAT = "dwarf-with-dsym";
				ENABLE_NS_ASSERTIONS = NO;
				ENABLE_STRICT_OBJC_MSGSEND = YES;
				GCC_C_LANGUAGE_STANDARD = gnu99;
				GCC_NO_COMMON_BLOCKS = YES;
				GCC_WARN_64_TO_32_BIT_CONVERSION = YES;
				GCC_WARN_ABOUT_RETURN_TYPE = YES_ERROR;
				GCC_WARN_UNDECLARED_SELECTOR = YES;
				GCC_WARN_UNINITIALIZED_AUTOS = YES_AGGRESSIVE;
				GCC_WARN_UNUSED_FUNCTION = YES;
				GCC_WARN_UNUSED_VARIABLE = YES;
				IPHONEOS_DEPLOYMENT_TARGET = 9.2;
				MTL_ENABLE_DEBUG_INFO = NO;
				SDKROOT = iphoneos;
				TARGETED_DEVICE_FAMILY = "1,2";
				VALIDATE_PRODUCT = YES;
			};
			name = Release;
		};
		6B70BF6C1C593168007E6843 /* Debug */ = {
			isa = XCBuildConfiguration;
			buildSettings = {
				ASSETCATALOG_COMPILER_APPICON_NAME = AppIcon;
				INFOPLIST_FILE = HelloWorld/Info.plist;
				LD_RUNPATH_SEARCH_PATHS = "$(inherited) @executable_path/Frameworks";
				PRODUCT_BUNDLE_IDENTIFIER = L.H.A.HelloWorld;
				PRODUCT_NAME = "$(TARGET_NAME)";
			};
			name = Debug;
		};
		6B70BF6D1C593168007E6843 /* Release */ = {
			isa = XCBuildConfiguration;
			buildSettings = {
				ASSETCATALOG_COMPILER_APPICON_NAME = AppIcon;
				INFOPLIST_FILE = HelloWorld/Info.plist;
				LD_RUNPATH_SEARCH_PATHS = "$(inherited) @executable_path/Frameworks";
				PRODUCT_BUNDLE_IDENTIFIER = L.H.A.HelloWorld;
				PRODUCT_NAME = "$(TARGET_NAME)";
			};
			name = Release;
		};
		6B70BF6F1C593168007E6843 /* Debug */ = {
			isa = XCBuildConfiguration;
			buildSettings = {
				BUNDLE_LOADER = "$(TEST_HOST)";
				INFOPLIST_FILE = HelloWorldTests/Info.plist;
				LD_RUNPATH_SEARCH_PATHS = "$(inherited) @executable_path/Frameworks @loader_path/Frameworks";
				PRODUCT_BUNDLE_IDENTIFIER = L.H.A.HelloWorldTests;
				PRODUCT_NAME = "$(TARGET_NAME)";
				TEST_HOST = "$(BUILT_PRODUCTS_DIR)/HelloWorld.app/HelloWorld";
			};
			name = Debug;
		};
		6B70BF701C593168007E6843 /* Release */ = {
			isa = XCBuildConfiguration;
			buildSettings = {
				BUNDLE_LOADER = "$(TEST_HOST)";
				INFOPLIST_FILE = HelloWorldTests/Info.plist;
				LD_RUNPATH_SEARCH_PATHS = "$(inherited) @executable_path/Frameworks @loader_path/Frameworks";
				PRODUCT_BUNDLE_IDENTIFIER = L.H.A.HelloWorldTests;
				PRODUCT_NAME = "$(TARGET_NAME)";
				TEST_HOST = "$(BUILT_PRODUCTS_DIR)/HelloWorld.app/HelloWorld";
			};
			name = Release;
		};
		6B70BF721C593168007E6843 /* Debug */ = {
			isa = XCBuildConfiguration;
			buildSettings = {
				INFOPLIST_FILE = HelloWorldUITests/Info.plist;
				LD_RUNPATH_SEARCH_PATHS = "$(inherited) @executable_path/Frameworks @loader_path/Frameworks";
				PRODUCT_BUNDLE_IDENTIFIER = L.H.A.HelloWorldUITests;
				PRODUCT_NAME = "$(TARGET_NAME)";
				TEST_TARGET_NAME = HelloWorld;
				USES_XCTRUNNER = YES;
			};
			name = Debug;
		};
		6B70BF731C593168007E6843 /* Release */ = {
			isa = XCBuildConfiguration;
			buildSettings = {
				INFOPLIST_FILE = HelloWorldUITests/Info.plist;
				LD_RUNPATH_SEARCH_PATHS = "$(inherited) @executable_path/Frameworks @loader_path/Frameworks";
				PRODUCT_BUNDLE_IDENTIFIER = L.H.A.HelloWorldUITests;
				PRODUCT_NAME = "$(TARGET_NAME)";
				TEST_TARGET_NAME = HelloWorld;
				USES_XCTRUNNER = YES;
			};
			name = Release;
		};
/* End XCBuildConfiguration section */

/* Begin XCConfigurationList section */
		6B70BF3E1C593167007E6843 /* Build configuration list for PBXProject "HelloWorld" */ = {
			isa = XCConfigurationList;
			buildConfigurations = (
				6B70BF691C593168007E6843 /* Debug */,
				6B70BF6A1C593168007E6843 /* Release */,
			);
			defaultConfigurationIsVisible = 0;
			defaultConfigurationName = Release;
		};
		6B70BF6B1C593168007E6843 /* Build configuration list for PBXNativeTarget "HelloWorld" */ = {
			isa = XCConfigurationList;
			buildConfigurations = (
				6B70BF6C1C593168007E6843 /* Debug */,
				6B70BF6D1C593168007E6843 /* Release */,
			);
			defaultConfigurationIsVisible = 0;
		};
		6B70BF6E1C593168007E6843 /* Build configuration list for PBXNativeTarget "HelloWorldTests" */ = {
			isa = XCConfigurationList;
			buildConfigurations = (
				6B70BF6F1C593168007E6843 /* Debug */,
				6B70BF701C593168007E6843 /* Release */,
			);
			defaultConfigurationIsVisible = 0;
		};
		6B70BF711C593168007E6843 /* Build configuration list for PBXNativeTarget "HelloWorldUITests" */ = {
			isa = XCConfigurationList;
			buildConfigurations = (
				6B70BF721C593168007E6843 /* Debug */,
				6B70BF731C593168007E6843 /* Release */,
			);
			defaultConfigurationIsVisible = 0;
		};
/* End XCConfigurationList section */
	};
	rootObject = 6B70BF3B1C593167007E6843 /* Project object */;
}
